// !$*UTF8*$!
{
	archiveVersion = 1;
	classes = {
	};
	objectVersion = 46;
	objects = {

/* Begin PBXBuildFile section */
		8A697D16185B8244008E0085 /* SVProgressHUD.bundle in Resources */ = {isa = PBXBuildFile; fileRef = 8A697D13185B8244008E0085 /* SVProgressHUD.bundle */; };
		8A697D17185B8244008E0085 /* SVProgressHUD.m in Sources */ = {isa = PBXBuildFile; fileRef = 8A697D15185B8244008E0085 /* SVProgressHUD.m */; };
		8ACDEF321878CA8600BC94F6 /* AVCaptureManager.m in Sources */ = {isa = PBXBuildFile; fileRef = 8ACDEF311878CA8600BC94F6 /* AVCaptureManager.m */; };
		8AD89196185B2E9300019D88 /* Foundation.framework in Frameworks */ = {isa = PBXBuildFile; fileRef = 8AD89195185B2E9300019D88 /* Foundation.framework */; };
		8AD89198185B2E9300019D88 /* CoreGraphics.framework in Frameworks */ = {isa = PBXBuildFile; fileRef = 8AD89197185B2E9300019D88 /* CoreGraphics.framework */; };
		8AD8919A185B2E9300019D88 /* UIKit.framework in Frameworks */ = {isa = PBXBuildFile; fileRef = 8AD89199185B2E9300019D88 /* UIKit.framework */; };
		8AD891A0185B2E9300019D88 /* InfoPlist.strings in Resources */ = {isa = PBXBuildFile; fileRef = 8AD8919E185B2E9300019D88 /* InfoPlist.strings */; };
		8AD891A2185B2E9300019D88 /* main.m in Sources */ = {isa = PBXBuildFile; fileRef = 8AD891A1185B2E9300019D88 /* main.m */; };
		8AD891A6185B2E9300019D88 /* AppDelegate.m in Sources */ = {isa = PBXBuildFile; fileRef = 8AD891A5185B2E9300019D88 /* AppDelegate.m */; };
		8AD891A9185B2E9300019D88 /* Main.storyboard in Resources */ = {isa = PBXBuildFile; fileRef = 8AD891A7185B2E9300019D88 /* Main.storyboard */; };
		8AD891AC185B2E9300019D88 /* ViewController.m in Sources */ = {isa = PBXBuildFile; fileRef = 8AD891AB185B2E9300019D88 /* ViewController.m */; };
		8AD891AE185B2E9300019D88 /* Images.xcassets in Resources */ = {isa = PBXBuildFile; fileRef = 8AD891AD185B2E9300019D88 /* Images.xcassets */; };
		8AD891B5185B2E9300019D88 /* XCTest.framework in Frameworks */ = {isa = PBXBuildFile; fileRef = 8AD891B4185B2E9300019D88 /* XCTest.framework */; };
		8AD891B6185B2E9300019D88 /* Foundation.framework in Frameworks */ = {isa = PBXBuildFile; fileRef = 8AD89195185B2E9300019D88 /* Foundation.framework */; };
		8AD891B7185B2E9300019D88 /* UIKit.framework in Frameworks */ = {isa = PBXBuildFile; fileRef = 8AD89199185B2E9300019D88 /* UIKit.framework */; };
		8AD891BF185B2E9300019D88 /* InfoPlist.strings in Resources */ = {isa = PBXBuildFile; fileRef = 8AD891BD185B2E9300019D88 /* InfoPlist.strings */; };
		8AD891C1185B2E9300019D88 /* RemoteVideoRecorderTests.m in Sources */ = {isa = PBXBuildFile; fileRef = 8AD891C0185B2E9300019D88 /* RemoteVideoRecorderTests.m */; };
/* End PBXBuildFile section */

/* Begin PBXContainerItemProxy section */
		8AD891B8185B2E9300019D88 /* PBXContainerItemProxy */ = {
			isa = PBXContainerItemProxy;
			containerPortal = 8AD8918A185B2E9200019D88 /* Project object */;
			proxyType = 1;
			remoteGlobalIDString = 8AD89191185B2E9200019D88;
			remoteInfo = RemoteVideoRecorder;
		};
/* End PBXContainerItemProxy section */

/* Begin PBXFileReference section */
		8A697D12185B8244008E0085 /* SVProgressHUD-Prefix.pch */ = {isa = PBXFileReference; fileEncoding = 4; lastKnownFileType = sourcecode.c.h; path = "SVProgressHUD-Prefix.pch"; sourceTree = "<group>"; };
		8A697D13185B8244008E0085 /* SVProgressHUD.bundle */ = {isa = PBXFileReference; lastKnownFileType = "wrapper.plug-in"; path = SVProgressHUD.bundle; sourceTree = "<group>"; };
		8A697D14185B8244008E0085 /* SVProgressHUD.h */ = {isa = PBXFileReference; fileEncoding = 4; lastKnownFileType = sourcecode.c.h; path = SVProgressHUD.h; sourceTree = "<group>"; };
		8A697D15185B8244008E0085 /* SVProgressHUD.m */ = {isa = PBXFileReference; fileEncoding = 4; lastKnownFileType = sourcecode.c.objc; path = SVProgressHUD.m; sourceTree = "<group>"; };
		8ACDEF301878CA8600BC94F6 /* AVCaptureManager.h */ = {isa = PBXFileReference; fileEncoding = 4; lastKnownFileType = sourcecode.c.h; path = AVCaptureManager.h; sourceTree = "<group>"; };
		8ACDEF311878CA8600BC94F6 /* AVCaptureManager.m */ = {isa = PBXFileReference; fileEncoding = 4; lastKnownFileType = sourcecode.c.objc; path = AVCaptureManager.m; sourceTree = "<group>"; };
		8AD89192185B2E9200019D88 /* RemoteVideoRecorder.app */ = {isa = PBXFileReference; explicitFileType = wrapper.application; includeInIndex = 0; path = RemoteVideoRecorder.app; sourceTree = BUILT_PRODUCTS_DIR; };
		8AD89195185B2E9300019D88 /* Foundation.framework */ = {isa = PBXFileReference; lastKnownFileType = wrapper.framework; name = Foundation.framework; path = System/Library/Frameworks/Foundation.framework; sourceTree = SDKROOT; };
		8AD89197185B2E9300019D88 /* CoreGraphics.framework */ = {isa = PBXFileReference; lastKnownFileType = wrapper.framework; name = CoreGraphics.framework; path = System/Library/Frameworks/CoreGraphics.framework; sourceTree = SDKROOT; };
		8AD89199185B2E9300019D88 /* UIKit.framework */ = {isa = PBXFileReference; lastKnownFileType = wrapper.framework; name = UIKit.framework; path = System/Library/Frameworks/UIKit.framework; sourceTree = SDKROOT; };
		8AD8919D185B2E9300019D88 /* RemoteVideoRecorder-Info.plist */ = {isa = PBXFileReference; lastKnownFileType = text.plist.xml; path = "RemoteVideoRecorder-Info.plist"; sourceTree = "<group>"; };
		8AD8919F185B2E9300019D88 /* en */ = {isa = PBXFileReference; lastKnownFileType = text.plist.strings; name = en; path = en.lproj/InfoPlist.strings; sourceTree = "<group>"; };
		8AD891A1185B2E9300019D88 /* main.m */ = {isa = PBXFileReference; lastKnownFileType = sourcecode.c.objc; path = main.m; sourceTree = "<group>"; };
		8AD891A3185B2E9300019D88 /* RemoteVideoRecorder-Prefix.pch */ = {isa = PBXFileReference; lastKnownFileType = sourcecode.c.h; path = "RemoteVideoRecorder-Prefix.pch"; sourceTree = "<group>"; };
		8AD891A4185B2E9300019D88 /* AppDelegate.h */ = {isa = PBXFileReference; lastKnownFileType = sourcecode.c.h; path = AppDelegate.h; sourceTree = "<group>"; };
		8AD891A5185B2E9300019D88 /* AppDelegate.m */ = {isa = PBXFileReference; lastKnownFileType = sourcecode.c.objc; path = AppDelegate.m; sourceTree = "<group>"; };
		8AD891A8185B2E9300019D88 /* Base */ = {isa = PBXFileReference; lastKnownFileType = file.storyboard; name = Base; path = Base.lproj/Main.storyboard; sourceTree = "<group>"; };
		8AD891AA185B2E9300019D88 /* ViewController.h */ = {isa = PBXFileReference; lastKnownFileType = sourcecode.c.h; path = ViewController.h; sourceTree = "<group>"; };
		8AD891AB185B2E9300019D88 /* ViewController.m */ = {isa = PBXFileReference; lastKnownFileType = sourcecode.c.objc; path = ViewController.m; sourceTree = "<group>"; };
		8AD891AD185B2E9300019D88 /* Images.xcassets */ = {isa = PBXFileReference; lastKnownFileType = folder.assetcatalog; path = Images.xcassets; sourceTree = "<group>"; };
		8AD891B3185B2E9300019D88 /* RemoteVideoRecorderTests.xctest */ = {isa = PBXFileReference; explicitFileType = wrapper.cfbundle; includeInIndex = 0; path = RemoteVideoRecorderTests.xctest; sourceTree = BUILT_PRODUCTS_DIR; };
		8AD891B4185B2E9300019D88 /* XCTest.framework */ = {isa = PBXFileReference; lastKnownFileType = wrapper.framework; name = XCTest.framework; path = Library/Frameworks/XCTest.framework; sourceTree = DEVELOPER_DIR; };
		8AD891BC185B2E9300019D88 /* RemoteVideoRecorderTests-Info.plist */ = {isa = PBXFileReference; lastKnownFileType = text.plist.xml; path = "RemoteVideoRecorderTests-Info.plist"; sourceTree = "<group>"; };
		8AD891BE185B2E9300019D88 /* en */ = {isa = PBXFileReference; lastKnownFileType = text.plist.strings; name = en; path = en.lproj/InfoPlist.strings; sourceTree = "<group>"; };
		8AD891C0185B2E9300019D88 /* RemoteVideoRecorderTests.m */ = {isa = PBXFileReference; lastKnownFileType = sourcecode.c.objc; path = RemoteVideoRecorderTests.m; sourceTree = "<group>"; };
		8AEEB90D185B708E00DCE862 /* RVConstants.h */ = {isa = PBXFileReference; fileEncoding = 4; lastKnownFileType = sourcecode.c.h; path = RVConstants.h; sourceTree = "<group>"; };
/* End PBXFileReference section */

/* Begin PBXFrameworksBuildPhase section */
		8AD8918F185B2E9200019D88 /* Frameworks */ = {
			isa = PBXFrameworksBuildPhase;
			buildActionMask = 2147483647;
			files = (
				8AD89198185B2E9300019D88 /* CoreGraphics.framework in Frameworks */,
				8AD8919A185B2E9300019D88 /* UIKit.framework in Frameworks */,
				8AD89196185B2E9300019D88 /* Foundation.framework in Frameworks */,
			);
			runOnlyForDeploymentPostprocessing = 0;
		};
		8AD891B0185B2E9300019D88 /* Frameworks */ = {
			isa = PBXFrameworksBuildPhase;
			buildActionMask = 2147483647;
			files = (
				8AD891B5185B2E9300019D88 /* XCTest.framework in Frameworks */,
				8AD891B7185B2E9300019D88 /* UIKit.framework in Frameworks */,
				8AD891B6185B2E9300019D88 /* Foundation.framework in Frameworks */,
			);
			runOnlyForDeploymentPostprocessing = 0;
		};
/* End PBXFrameworksBuildPhase section */

/* Begin PBXGroup section */
		8A697D11185B8244008E0085 /* SVProgressHUD */ = {
			isa = PBXGroup;
			children = (
				8A697D12185B8244008E0085 /* SVProgressHUD-Prefix.pch */,
				8A697D13185B8244008E0085 /* SVProgressHUD.bundle */,
				8A697D14185B8244008E0085 /* SVProgressHUD.h */,
				8A697D15185B8244008E0085 /* SVProgressHUD.m */,
			);
			path = SVProgressHUD;
			sourceTree = "<group>";
		};
		8ACDEF2F1878CA8600BC94F6 /* AVCaptureManager */ = {
			isa = PBXGroup;
			children = (
				8ACDEF301878CA8600BC94F6 /* AVCaptureManager.h */,
				8ACDEF311878CA8600BC94F6 /* AVCaptureManager.m */,
			);
			path = AVCaptureManager;
			sourceTree = "<group>";
		};
		8AD89189185B2E9200019D88 = {
			isa = PBXGroup;
			children = (
				8AEEB90C185B708E00DCE862 /* Common */,
				8AD891CA185B39B200019D88 /* vendor */,
				8AD8919B185B2E9300019D88 /* RemoteVideoRecorder */,
				8AD891BA185B2E9300019D88 /* RemoteVideoRecorderTests */,
				8AD89194185B2E9300019D88 /* Frameworks */,
				8AD89193185B2E9200019D88 /* Products */,
			);
			sourceTree = "<group>";
		};
		8AD89193185B2E9200019D88 /* Products */ = {
			isa = PBXGroup;
			children = (
				8AD89192185B2E9200019D88 /* RemoteVideoRecorder.app */,
				8AD891B3185B2E9300019D88 /* RemoteVideoRecorderTests.xctest */,
			);
			name = Products;
			sourceTree = "<group>";
		};
		8AD89194185B2E9300019D88 /* Frameworks */ = {
			isa = PBXGroup;
			children = (
				8AD89195185B2E9300019D88 /* Foundation.framework */,
				8AD89197185B2E9300019D88 /* CoreGraphics.framework */,
				8AD89199185B2E9300019D88 /* UIKit.framework */,
				8AD891B4185B2E9300019D88 /* XCTest.framework */,
			);
			name = Frameworks;
			sourceTree = "<group>";
		};
		8AD8919B185B2E9300019D88 /* RemoteVideoRecorder */ = {
			isa = PBXGroup;
			children = (
				8AD891A4185B2E9300019D88 /* AppDelegate.h */,
				8AD891A5185B2E9300019D88 /* AppDelegate.m */,
				8AD891A7185B2E9300019D88 /* Main.storyboard */,
				8AD891AA185B2E9300019D88 /* ViewController.h */,
				8AD891AB185B2E9300019D88 /* ViewController.m */,
				8AD891AD185B2E9300019D88 /* Images.xcassets */,
				8AD8919C185B2E9300019D88 /* Supporting Files */,
			);
			path = RemoteVideoRecorder;
			sourceTree = "<group>";
		};
		8AD8919C185B2E9300019D88 /* Supporting Files */ = {
			isa = PBXGroup;
			children = (
				8AD8919D185B2E9300019D88 /* RemoteVideoRecorder-Info.plist */,
				8AD8919E185B2E9300019D88 /* InfoPlist.strings */,
				8AD891A1185B2E9300019D88 /* main.m */,
				8AD891A3185B2E9300019D88 /* RemoteVideoRecorder-Prefix.pch */,
			);
			name = "Supporting Files";
			sourceTree = "<group>";
		};
		8AD891BA185B2E9300019D88 /* RemoteVideoRecorderTests */ = {
			isa = PBXGroup;
			children = (
				8AD891C0185B2E9300019D88 /* RemoteVideoRecorderTests.m */,
				8AD891BB185B2E9300019D88 /* Supporting Files */,
			);
			path = RemoteVideoRecorderTests;
			sourceTree = "<group>";
		};
		8AD891BB185B2E9300019D88 /* Supporting Files */ = {
			isa = PBXGroup;
			children = (
				8AD891BC185B2E9300019D88 /* RemoteVideoRecorderTests-Info.plist */,
				8AD891BD185B2E9300019D88 /* InfoPlist.strings */,
			);
			name = "Supporting Files";
			sourceTree = "<group>";
		};
		8AD891CA185B39B200019D88 /* vendor */ = {
			isa = PBXGroup;
			children = (
				8ACDEF2F1878CA8600BC94F6 /* AVCaptureManager */,
				8A697D11185B8244008E0085 /* SVProgressHUD */,
			);
			path = vendor;
			sourceTree = "<group>";
		};
		8AEEB90C185B708E00DCE862 /* Common */ = {
			isa = PBXGroup;
			children = (
				8AEEB90D185B708E00DCE862 /* RVConstants.h */,
			);
			name = Common;
			path = ../Common;
			sourceTree = "<group>";
		};
/* End PBXGroup section */

/* Begin PBXNativeTarget section */
		8AD89191185B2E9200019D88 /* RemoteVideoRecorder */ = {
			isa = PBXNativeTarget;
			buildConfigurationList = 8AD891C4185B2E9300019D88 /* Build configuration list for PBXNativeTarget "RemoteVideoRecorder" */;
			buildPhases = (
				8AD8918E185B2E9200019D88 /* Sources */,
				8AD8918F185B2E9200019D88 /* Frameworks */,
				8AD89190185B2E9200019D88 /* Resources */,
			);
			buildRules = (
			);
			dependencies = (
			);
			name = RemoteVideoRecorder;
			productName = RemoteVideoRecorder;
			productReference = 8AD89192185B2E9200019D88 /* RemoteVideoRecorder.app */;
			productType = "com.apple.product-type.application";
		};
		8AD891B2185B2E9300019D88 /* RemoteVideoRecorderTests */ = {
			isa = PBXNativeTarget;
			buildConfigurationList = 8AD891C7185B2E9300019D88 /* Build configuration list for PBXNativeTarget "RemoteVideoRecorderTests" */;
			buildPhases = (
				8AD891AF185B2E9300019D88 /* Sources */,
				8AD891B0185B2E9300019D88 /* Frameworks */,
				8AD891B1185B2E9300019D88 /* Resources */,
			);
			buildRules = (
			);
			dependencies = (
				8AD891B9185B2E9300019D88 /* PBXTargetDependency */,
			);
			name = RemoteVideoRecorderTests;
			productName = RemoteVideoRecorderTests;
			productReference = 8AD891B3185B2E9300019D88 /* RemoteVideoRecorderTests.xctest */;
			productType = "com.apple.product-type.bundle.unit-test";
		};
/* End PBXNativeTarget section */

/* Begin PBXProject section */
		8AD8918A185B2E9200019D88 /* Project object */ = {
			isa = PBXProject;
			attributes = {
				LastUpgradeCheck = 0500;
				ORGANIZATIONNAME = "Shuichi Tsutsumi";
				TargetAttributes = {
					8AD891B2185B2E9300019D88 = {
						TestTargetID = 8AD89191185B2E9200019D88;
					};
				};
			};
			buildConfigurationList = 8AD8918D185B2E9200019D88 /* Build configuration list for PBXProject "RemoteVideoRecorder" */;
			compatibilityVersion = "Xcode 3.2";
			developmentRegion = English;
			hasScannedForEncodings = 0;
			knownRegions = (
				en,
				Base,
			);
			mainGroup = 8AD89189185B2E9200019D88;
			productRefGroup = 8AD89193185B2E9200019D88 /* Products */;
			projectDirPath = "";
			projectRoot = "";
			targets = (
				8AD89191185B2E9200019D88 /* RemoteVideoRecorder */,
				8AD891B2185B2E9300019D88 /* RemoteVideoRecorderTests */,
			);
		};
/* End PBXProject section */

/* Begin PBXResourcesBuildPhase section */
		8AD89190185B2E9200019D88 /* Resources */ = {
			isa = PBXResourcesBuildPhase;
			buildActionMask = 2147483647;
			files = (
				8AD891AE185B2E9300019D88 /* Images.xcassets in Resources */,
				8AD891A0185B2E9300019D88 /* InfoPlist.strings in Resources */,
				8AD891A9185B2E9300019D88 /* Main.storyboard in Resources */,
				8A697D16185B8244008E0085 /* SVProgressHUD.bundle in Resources */,
			);
			runOnlyForDeploymentPostprocessing = 0;
		};
		8AD891B1185B2E9300019D88 /* Resources */ = {
			isa = PBXResourcesBuildPhase;
			buildActionMask = 2147483647;
			files = (
				8AD891BF185B2E9300019D88 /* InfoPlist.strings in Resources */,
			);
			runOnlyForDeploymentPostprocessing = 0;
		};
/* End PBXResourcesBuildPhase section */

/* Begin PBXSourcesBuildPhase section */
		8AD8918E185B2E9200019D88 /* Sources */ = {
			isa = PBXSourcesBuildPhase;
			buildActionMask = 2147483647;
			files = (
				8AD891AC185B2E9300019D88 /* ViewController.m in Sources */,
				8AD891A6185B2E9300019D88 /* AppDelegate.m in Sources */,
				8A697D17185B8244008E0085 /* SVProgressHUD.m in Sources */,
				8AD891A2185B2E9300019D88 /* main.m in Sources */,
				8ACDEF321878CA8600BC94F6 /* AVCaptureManager.m in Sources */,
			);
			runOnlyForDeploymentPostprocessing = 0;
		};
		8AD891AF185B2E9300019D88 /* Sources */ = {
			isa = PBXSourcesBuildPhase;
			buildActionMask = 2147483647;
			files = (
				8AD891C1185B2E9300019D88 /* RemoteVideoRecorderTests.m in Sources */,
			);
			runOnlyForDeploymentPostprocessing = 0;
		};
/* End PBXSourcesBuildPhase section */

/* Begin PBXTargetDependency section */
		8AD891B9185B2E9300019D88 /* PBXTargetDependency */ = {
			isa = PBXTargetDependency;
			target = 8AD89191185B2E9200019D88 /* RemoteVideoRecorder */;
			targetProxy = 8AD891B8185B2E9300019D88 /* PBXContainerItemProxy */;
		};
/* End PBXTargetDependency section */

/* Begin PBXVariantGroup section */
		8AD8919E185B2E9300019D88 /* InfoPlist.strings */ = {
			isa = PBXVariantGroup;
			children = (
				8AD8919F185B2E9300019D88 /* en */,
			);
			name = InfoPlist.strings;
			sourceTree = "<group>";
		};
		8AD891A7185B2E9300019D88 /* Main.storyboard */ = {
			isa = PBXVariantGroup;
			children = (
				8AD891A8185B2E9300019D88 /* Base */,
			);
			name = Main.storyboard;
			sourceTree = "<group>";
		};
		8AD891BD185B2E9300019D88 /* InfoPlist.strings */ = {
			isa = PBXVariantGroup;
			children = (
				8AD891BE185B2E9300019D88 /* en */,
			);
			name = InfoPlist.strings;
			sourceTree = "<group>";
		};
/* End PBXVariantGroup section */

/* Begin XCBuildConfiguration section */
		8AD891C2185B2E9300019D88 /* Debug */ = {
			isa = XCBuildConfiguration;
			buildSettings = {
				ALWAYS_SEARCH_USER_PATHS = NO;
				ARCHS = "$(ARCHS_STANDARD_INCLUDING_64_BIT)";
				CLANG_CXX_LANGUAGE_STANDARD = "gnu++0x";
				CLANG_CXX_LIBRARY = "libc++";
				CLANG_ENABLE_MODULES = YES;
				CLANG_ENABLE_OBJC_ARC = YES;
				CLANG_WARN_BOOL_CONVERSION = YES;
				CLANG_WARN_CONSTANT_CONVERSION = YES;
				CLANG_WARN_DIRECT_OBJC_ISA_USAGE = YES_ERROR;
				CLANG_WARN_EMPTY_BODY = YES;
				CLANG_WARN_ENUM_CONVERSION = YES;
				CLANG_WARN_INT_CONVERSION = YES;
				CLANG_WARN_OBJC_ROOT_CLASS = YES_ERROR;
				CLANG_WARN__DUPLICATE_METHOD_MATCH = YES;
				"CODE_SIGN_IDENTITY[sdk=iphoneos*]" = "iPhone Developer";
				COPY_PHASE_STRIP = NO;
				GCC_C_LANGUAGE_STANDARD = gnu99;
				GCC_DYNAMIC_NO_PIC = NO;
				GCC_OPTIMIZATION_LEVEL = 0;
				GCC_PREPROCESSOR_DEFINITIONS = (
					"DEBUG=1",
					"$(inherited)",
				);
				GCC_SYMBOLS_PRIVATE_EXTERN = NO;
				GCC_WARN_64_TO_32_BIT_CONVERSION = YES;
				GCC_WARN_ABOUT_RETURN_TYPE = YES_ERROR;
				GCC_WARN_UNDECLARED_SELECTOR = YES;
				GCC_WARN_UNINITIALIZED_AUTOS = YES;
				GCC_WARN_UNUSED_FUNCTION = YES;
				GCC_WARN_UNUSED_VARIABLE = YES;
				IPHONEOS_DEPLOYMENT_TARGET = 7.0;
				ONLY_ACTIVE_ARCH = YES;
				SDKROOT = iphoneos;
			};
			name = Debug;
		};
		8AD891C3185B2E9300019D88 /* Release */ = {
			isa = XCBuildConfiguration;
			buildSettings = {
				ALWAYS_SEARCH_USER_PATHS = NO;
				ARCHS = "$(ARCHS_STANDARD_INCLUDING_64_BIT)";
				CLANG_CXX_LANGUAGE_STANDARD = "gnu++0x";
				CLANG_CXX_LIBRARY = "libc++";
				CLANG_ENABLE_MODULES = YES;
				CLANG_ENABLE_OBJC_ARC = YES;
				CLANG_WARN_BOOL_CONVERSION = YES;
				CLANG_WARN_CONSTANT_CONVERSION = YES;
				CLANG_WARN_DIRECT_OBJC_ISA_USAGE = YES_ERROR;
				CLANG_WARN_EMPTY_BODY = YES;
				CLANG_WARN_ENUM_CONVERSION = YES;
				CLANG_WARN_INT_CONVERSION = YES;
				CLANG_WARN_OBJC_ROOT_CLASS = YES_ERROR;
				CLANG_WARN__DUPLICATE_METHOD_MATCH = YES;
				"CODE_SIGN_IDENTITY[sdk=iphoneos*]" = "iPhone Developer";
				COPY_PHASE_STRIP = YES;
				ENABLE_NS_ASSERTIONS = NO;
				GCC_C_LANGUAGE_STANDARD = gnu99;
				GCC_WARN_64_TO_32_BIT_CONVERSION = YES;
				GCC_WARN_ABOUT_RETURN_TYPE = YES_ERROR;
				GCC_WARN_UNDECLARED_SELECTOR = YES;
				GCC_WARN_UNINITIALIZED_AUTOS = YES;
				GCC_WARN_UNUSED_FUNCTION = YES;
				GCC_WARN_UNUSED_VARIABLE = YES;
				IPHONEOS_DEPLOYMENT_TARGET = 7.0;
				SDKROOT = iphoneos;
				VALIDATE_PRODUCT = YES;
			};
			name = Release;
		};
		8AD891C5185B2E9300019D88 /* Debug */ = {
			isa = XCBuildConfiguration;
			buildSettings = {
				ASSETCATALOG_COMPILER_APPICON_NAME = AppIcon;
				ASSETCATALOG_COMPILER_LAUNCHIMAGE_NAME = LaunchImage;
				GCC_PRECOMPILE_PREFIX_HEADER = YES;
				GCC_PREFIX_HEADER = "RemoteVideoRecorder/RemoteVideoRecorder-Prefix.pch";
				INFOPLIST_FILE = "RemoteVideoRecorder/RemoteVideoRecorder-Info.plist";
				PRODUCT_NAME = "$(TARGET_NAME)";
				WRAPPER_EXTENSION = app;
			};
			name = Debug;
		};
		8AD891C6185B2E9300019D88 /* Release */ = {
			isa = XCBuildConfiguration;
			buildSettings = {
				ASSETCATALOG_COMPILER_APPICON_NAME = AppIcon;
				ASSETCATALOG_COMPILER_LAUNCHIMAGE_NAME = LaunchImage;
				GCC_PRECOMPILE_PREFIX_HEADER = YES;
				GCC_PREFIX_HEADER = "RemoteVideoRecorder/RemoteVideoRecorder-Prefix.pch";
				INFOPLIST_FILE = "RemoteVideoRecorder/RemoteVideoRecorder-Info.plist";
				PRODUCT_NAME = "$(TARGET_NAME)";
				WRAPPER_EXTENSION = app;
			};
			name = Release;
		};
		8AD891C8185B2E9300019D88 /* Debug */ = {
			isa = XCBuildConfiguration;
			buildSettings = {
				ARCHS = "$(ARCHS_STANDARD_INCLUDING_64_BIT)";
				BUNDLE_LOADER = "$(BUILT_PRODUCTS_DIR)/RemoteVideoRecorder.app/RemoteVideoRecorder";
				FRAMEWORK_SEARCH_PATHS = (
					"$(SDKROOT)/Developer/Library/Frameworks",
					"$(inherited)",
					"$(DEVELOPER_FRAMEWORKS_DIR)",
				);
				GCC_PRECOMPILE_PREFIX_HEADER = YES;
				GCC_PREFIX_HEADER = "RemoteVideoRecorder/RemoteVideoRecorder-Prefix.pch";
				GCC_PREPROCESSOR_DEFINITIONS = (
					"DEBUG=1",
					"$(inherited)",
				);
				INFOPLIST_FILE = "RemoteVideoRecorderTests/RemoteVideoRecorderTests-Info.plist";
				PRODUCT_NAME = "$(TARGET_NAME)";
				TEST_HOST = "$(BUNDLE_LOADER)";
				WRAPPER_EXTENSION = xctest;
			};
			name = Debug;
		};
		8AD891C9185B2E9300019D88 /* Release */ = {
			isa = XCBuildConfiguration;
			buildSettings = {
				ARCHS = "$(ARCHS_STANDARD_INCLUDING_64_BIT)";
				BUNDLE_LOADER = "$(BUILT_PRODUCTS_DIR)/RemoteVideoRecorder.app/RemoteVideoRecorder";
				FRAMEWORK_SEARCH_PATHS = (
					"$(SDKROOT)/Developer/Library/Frameworks",
					"$(inherited)",
					"$(DEVELOPER_FRAMEWORKS_DIR)",
				);
				GCC_PRECOMPILE_PREFIX_HEADER = YES;
				GCC_PREFIX_HEADER = "RemoteVideoRecorder/RemoteVideoRecorder-Prefix.pch";
				INFOPLIST_FILE = "RemoteVideoRecorderTests/RemoteVideoRecorderTests-Info.plist";
				PRODUCT_NAME = "$(TARGET_NAME)";
				TEST_HOST = "$(BUNDLE_LOADER)";
				WRAPPER_EXTENSION = xctest;
			};
			name = Release;
		};
/* End XCBuildConfiguration section */

/* Begin XCConfigurationList section */
		8AD8918D185B2E9200019D88 /* Build configuration list for PBXProject "RemoteVideoRecorder" */ = {
			isa = XCConfigurationList;
			buildConfigurations = (
				8AD891C2185B2E9300019D88 /* Debug */,
				8AD891C3185B2E9300019D88 /* Release */,
			);
			defaultConfigurationIsVisible = 0;
			defaultConfigurationName = Release;
		};
		8AD891C4185B2E9300019D88 /* Build configuration list for PBXNativeTarget "RemoteVideoRecorder" */ = {
			isa = XCConfigurationList;
			buildConfigurations = (
				8AD891C5185B2E9300019D88 /* Debug */,
				8AD891C6185B2E9300019D88 /* Release */,
			);
			defaultConfigurationIsVisible = 0;
			defaultConfigurationName = Release;
		};
		8AD891C7185B2E9300019D88 /* Build configuration list for PBXNativeTarget "RemoteVideoRecorderTests" */ = {
			isa = XCConfigurationList;
			buildConfigurations = (
				8AD891C8185B2E9300019D88 /* Debug */,
				8AD891C9185B2E9300019D88 /* Release */,
			);
			defaultConfigurationIsVisible = 0;
			defaultConfigurationName = Release;
		};
/* End XCConfigurationList section */
	};
	rootObject = 8AD8918A185B2E9200019D88 /* Project object */;
}
